
Microsoft Visual Studio Solution File, Format Version 12.00
# Visual Studio Version 17
VisualStudioVersion = 17.9.34607.119
MinimumVisualStudioVersion = 10.0.40219.1
Project("{9A19103F-16F7-4668-BE54-9A1E7A4F7556}") = "CalculationLibrary", "CalculationLibrary.csproj", "{5F07D64C-87BA-4B25-855A-82AA6D967157}"
EndProject
Project("{FAE04EC0-301F-11D3-BF4B-00C04F79EFBC}") = "CalculationLibraryTest", "..\CalculationLibraryTest\CalculationLibraryTest.csproj", "{CFB8217A-8878-4B26-B730-78CFD8F884B2}"
EndProject
Global
	GlobalSection(SolutionConfigurationPlatforms) = preSolution
		Debug|Any CPU = Debug|Any CPU
		Release|Any CPU = Release|Any CPU
	EndGlobalSection
	GlobalSection(ProjectConfigurationPlatforms) = postSolution
		{5F07D64C-87BA-4B25-855A-82AA6D967157}.Debug|Any CPU.ActiveCfg = Debug|Any CPU
		{5F07D64C-87BA-4B25-855A-82AA6D967157}.Debug|Any CPU.Build.0 = Debug|Any CPU
		{5F07D64C-87BA-4B25-855A-82AA6D967157}.Release|Any CPU.ActiveCfg = Release|Any CPU
		{5F07D64C-87BA-4B25-855A-82AA6D967157}.Release|Any CPU.Build.0 = Release|Any CPU
		{CFB8217A-8878-4B26-B730-78CFD8F884B2}.Debug|Any CPU.ActiveCfg = Debug|Any CPU
		{CFB8217A-8878-4B26-B730-78CFD8F884B2}.Debug|Any CPU.Build.0 = Debug|Any CPU
		{CFB8217A-8878-4B26-B730-78CFD8F884B2}.Release|Any CPU.ActiveCfg = Release|Any CPU
		{CFB8217A-8878-4B26-B730-78CFD8F884B2}.Release|Any CPU.Build.0 = Release|Any CPU
	EndGlobalSection
	GlobalSection(SolutionProperties) = preSolution
		HideSolutionNode = FALSE
	EndGlobalSection
	GlobalSection(ExtensibilityGlobals) = postSolution
		SolutionGuid = {5B57CD6C-E761-4118-B9C8-8F72C4B467A6}
	EndGlobalSection
EndGlobal
